
Microsoft Visual Studio Solution File, Format Version 12.00
# Visual Studio 15
VisualStudioVersion = 15.0.27004.2005
MinimumVisualStudioVersion = 10.0.40219.1
Project("{2150E333-8FDC-42A3-9474-1A3956D46DE8}") = "Engine", "Engine", "{2219E651-B3E4-4E55-8EE6-72B123CC15B2}"
EndProject
Project("{2150E333-8FDC-42A3-9474-1A3956D46DE8}") = "Games", "Games", "{0DA3736A-428C-49CB-9488-60978B337696}"
EndProject
Project("{8BC9CEB8-8B4A-11D0-8D11-00A0C91BC942}") = "UE4", "Intermediate\ProjectFiles\UE4.vcxproj", "{2ADEFF3B-61A8-4F37-B58F-4F27C59DD716}"
EndProject
Project("{8BC9CEB8-8B4A-11D0-8D11-00A0C91BC942}") = "DronaPP", "Intermediate\ProjectFiles\DronaPP.vcxproj", "{2A1D0B9A-CE2D-45FB-A384-5A6DFD1ADCEC}"
EndProject
Global
	GlobalSection(SolutionConfigurationPlatforms) = preSolution
		DebugGame Editor|HTML5 = DebugGame Editor|HTML5
		DebugGame Editor|Win32 = DebugGame Editor|Win32
		DebugGame Editor|Win64 = DebugGame Editor|Win64
		DebugGame|HTML5 = DebugGame|HTML5
		DebugGame|Win32 = DebugGame|Win32
		DebugGame|Win64 = DebugGame|Win64
		Development Editor|HTML5 = Development Editor|HTML5
		Development Editor|Win32 = Development Editor|Win32
		Development Editor|Win64 = Development Editor|Win64
		Development|HTML5 = Development|HTML5
		Development|Win32 = Development|Win32
		Development|Win64 = Development|Win64
		Shipping|HTML5 = Shipping|HTML5
		Shipping|Win32 = Shipping|Win32
		Shipping|Win64 = Shipping|Win64
	EndGlobalSection
	GlobalSection(ProjectConfigurationPlatforms) = postSolution
		{2ADEFF3B-61A8-4F37-B58F-4F27C59DD716}.DebugGame Editor|HTML5.ActiveCfg = BuiltWithUnrealBuildTool|Win32
		{2ADEFF3B-61A8-4F37-B58F-4F27C59DD716}.DebugGame Editor|HTML5.Build.0 = BuiltWithUnrealBuildTool|Win32
		{2ADEFF3B-61A8-4F37-B58F-4F27C59DD716}.DebugGame Editor|Win32.ActiveCfg = BuiltWithUnrealBuildTool|Win32
		{2ADEFF3B-61A8-4F37-B58F-4F27C59DD716}.DebugGame Editor|Win32.Build.0 = BuiltWithUnrealBuildTool|Win32
		{2ADEFF3B-61A8-4F37-B58F-4F27C59DD716}.DebugGame Editor|Win64.ActiveCfg = BuiltWithUnrealBuildTool|Win32
		{2ADEFF3B-61A8-4F37-B58F-4F27C59DD716}.DebugGame Editor|Win64.Build.0 = BuiltWithUnrealBuildTool|Win32
		{2ADEFF3B-61A8-4F37-B58F-4F27C59DD716}.DebugGame|HTML5.ActiveCfg = BuiltWithUnrealBuildTool|Win32
		{2ADEFF3B-61A8-4F37-B58F-4F27C59DD716}.DebugGame|HTML5.Build.0 = BuiltWithUnrealBuildTool|Win32
		{2ADEFF3B-61A8-4F37-B58F-4F27C59DD716}.DebugGame|Win32.ActiveCfg = BuiltWithUnrealBuildTool|Win32
		{2ADEFF3B-61A8-4F37-B58F-4F27C59DD716}.DebugGame|Win32.Build.0 = BuiltWithUnrealBuildTool|Win32
		{2ADEFF3B-61A8-4F37-B58F-4F27C59DD716}.DebugGame|Win64.ActiveCfg = BuiltWithUnrealBuildTool|Win32
		{2ADEFF3B-61A8-4F37-B58F-4F27C59DD716}.DebugGame|Win64.Build.0 = BuiltWithUnrealBuildTool|Win32
		{2ADEFF3B-61A8-4F37-B58F-4F27C59DD716}.Development Editor|HTML5.ActiveCfg = BuiltWithUnrealBuildTool|Win32
		{2ADEFF3B-61A8-4F37-B58F-4F27C59DD716}.Development Editor|HTML5.Build.0 = BuiltWithUnrealBuildTool|Win32
		{2ADEFF3B-61A8-4F37-B58F-4F27C59DD716}.Development Editor|Win32.ActiveCfg = BuiltWithUnrealBuildTool|Win32
		{2ADEFF3B-61A8-4F37-B58F-4F27C59DD716}.Development Editor|Win32.Build.0 = BuiltWithUnrealBuildTool|Win32
		{2ADEFF3B-61A8-4F37-B58F-4F27C59DD716}.Development Editor|Win64.ActiveCfg = BuiltWithUnrealBuildTool|Win32
		{2ADEFF3B-61A8-4F37-B58F-4F27C59DD716}.Development Editor|Win64.Build.0 = BuiltWithUnrealBuildTool|Win32
		{2ADEFF3B-61A8-4F37-B58F-4F27C59DD716}.Development|HTML5.ActiveCfg = BuiltWithUnrealBuildTool|Win32
		{2ADEFF3B-61A8-4F37-B58F-4F27C59DD716}.Development|HTML5.Build.0 = BuiltWithUnrealBuildTool|Win32
		{2ADEFF3B-61A8-4F37-B58F-4F27C59DD716}.Development|Win32.ActiveCfg = BuiltWithUnrealBuildTool|Win32
		{2ADEFF3B-61A8-4F37-B58F-4F27C59DD716}.Development|Win32.Build.0 = BuiltWithUnrealBuildTool|Win32
		{2ADEFF3B-61A8-4F37-B58F-4F27C59DD716}.Development|Win64.ActiveCfg = BuiltWithUnrealBuildTool|Win32
		{2ADEFF3B-61A8-4F37-B58F-4F27C59DD716}.Development|Win64.Build.0 = BuiltWithUnrealBuildTool|Win32
		{2ADEFF3B-61A8-4F37-B58F-4F27C59DD716}.Shipping|HTML5.ActiveCfg = BuiltWithUnrealBuildTool|Win32
		{2ADEFF3B-61A8-4F37-B58F-4F27C59DD716}.Shipping|HTML5.Build.0 = BuiltWithUnrealBuildTool|Win32
		{2ADEFF3B-61A8-4F37-B58F-4F27C59DD716}.Shipping|Win32.ActiveCfg = BuiltWithUnrealBuildTool|Win32
		{2ADEFF3B-61A8-4F37-B58F-4F27C59DD716}.Shipping|Win32.Build.0 = BuiltWithUnrealBuildTool|Win32
		{2ADEFF3B-61A8-4F37-B58F-4F27C59DD716}.Shipping|Win64.ActiveCfg = BuiltWithUnrealBuildTool|Win32
		{2ADEFF3B-61A8-4F37-B58F-4F27C59DD716}.Shipping|Win64.Build.0 = BuiltWithUnrealBuildTool|Win32
		{2A1D0B9A-CE2D-45FB-A384-5A6DFD1ADCEC}.DebugGame Editor|HTML5.ActiveCfg = HTML5_DebugGame_Editor|Win32
		{2A1D0B9A-CE2D-45FB-A384-5A6DFD1ADCEC}.DebugGame Editor|Win32.ActiveCfg = DebugGame_Editor|Win32
		{2A1D0B9A-CE2D-45FB-A384-5A6DFD1ADCEC}.DebugGame Editor|Win64.ActiveCfg = DebugGame_Editor|x64
		{2A1D0B9A-CE2D-45FB-A384-5A6DFD1ADCEC}.DebugGame Editor|Win64.Build.0 = DebugGame_Editor|x64
		{2A1D0B9A-CE2D-45FB-A384-5A6DFD1ADCEC}.DebugGame|HTML5.ActiveCfg = HTML5_DebugGame_Game|Win32
		{2A1D0B9A-CE2D-45FB-A384-5A6DFD1ADCEC}.DebugGame|HTML5.Build.0 = HTML5_DebugGame_Game|Win32
		{2A1D0B9A-CE2D-45FB-A384-5A6DFD1ADCEC}.DebugGame|Win32.ActiveCfg = DebugGame_Game|Win32
		{2A1D0B9A-CE2D-45FB-A384-5A6DFD1ADCEC}.DebugGame|Win32.Build.0 = DebugGame_Game|Win32
		{2A1D0B9A-CE2D-45FB-A384-5A6DFD1ADCEC}.DebugGame|Win64.ActiveCfg = DebugGame_Game|x64
		{2A1D0B9A-CE2D-45FB-A384-5A6DFD1ADCEC}.DebugGame|Win64.Build.0 = DebugGame_Game|x64
		{2A1D0B9A-CE2D-45FB-A384-5A6DFD1ADCEC}.Development Editor|HTML5.ActiveCfg = HTML5_Development_Editor|Win32
		{2A1D0B9A-CE2D-45FB-A384-5A6DFD1ADCEC}.Development Editor|Win32.ActiveCfg = Development_Editor|Win32
		{2A1D0B9A-CE2D-45FB-A384-5A6DFD1ADCEC}.Development Editor|Win64.ActiveCfg = Development_Editor|x64
		{2A1D0B9A-CE2D-45FB-A384-5A6DFD1ADCEC}.Development Editor|Win64.Build.0 = Development_Editor|x64
		{2A1D0B9A-CE2D-45FB-A384-5A6DFD1ADCEC}.Development|HTML5.ActiveCfg = HTML5_Development_Game|Win32
		{2A1D0B9A-CE2D-45FB-A384-5A6DFD1ADCEC}.Development|HTML5.Build.0 = HTML5_Development_Game|Win32
		{2A1D0B9A-CE2D-45FB-A384-5A6DFD1ADCEC}.Development|Win32.ActiveCfg = Development_Game|Win32
		{2A1D0B9A-CE2D-45FB-A384-5A6DFD1ADCEC}.Development|Win32.Build.0 = Development_Game|Win32
		{2A1D0B9A-CE2D-45FB-A384-5A6DFD1ADCEC}.Development|Win64.ActiveCfg = Development_Game|x64
		{2A1D0B9A-CE2D-45FB-A384-5A6DFD1ADCEC}.Development|Win64.Build.0 = Development_Game|x64
		{2A1D0B9A-CE2D-45FB-A384-5A6DFD1ADCEC}.Shipping|HTML5.ActiveCfg = HTML5_Shipping_Game|Win32
		{2A1D0B9A-CE2D-45FB-A384-5A6DFD1ADCEC}.Shipping|HTML5.Build.0 = HTML5_Shipping_Game|Win32
		{2A1D0B9A-CE2D-45FB-A384-5A6DFD1ADCEC}.Shipping|Win32.ActiveCfg = Shipping_Game|Win32
		{2A1D0B9A-CE2D-45FB-A384-5A6DFD1ADCEC}.Shipping|Win32.Build.0 = Shipping_Game|Win32
		{2A1D0B9A-CE2D-45FB-A384-5A6DFD1ADCEC}.Shipping|Win64.ActiveCfg = Shipping_Game|x64
		{2A1D0B9A-CE2D-45FB-A384-5A6DFD1ADCEC}.Shipping|Win64.Build.0 = Shipping_Game|x64
	EndGlobalSection
	GlobalSection(SolutionProperties) = preSolution
		HideSolutionNode = FALSE
	EndGlobalSection
	GlobalSection(NestedProjects) = preSolution
		{2ADEFF3B-61A8-4F37-B58F-4F27C59DD716} = {2219E651-B3E4-4E55-8EE6-72B123CC15B2}
		{2A1D0B9A-CE2D-45FB-A384-5A6DFD1ADCEC} = {0DA3736A-428C-49CB-9488-60978B337696}
	EndGlobalSection
	GlobalSection(ExtensibilityGlobals) = postSolution
		SolutionGuid = {1AA609FB-00AA-4662-A8B7-302F18A215AA}
	EndGlobalSection
EndGlobal
